
Microsoft Visual Studio Solution File, Format Version 12.00
# Visual Studio 15
VisualStudioVersion = 15.0.28307.2092
MinimumVisualStudioVersion = 10.0.40219.1
Project("{8BC9CEB8-8B4A-11D0-8D11-00A0C91BC942}") = "p07", "p07\p07.vcxproj", "{EE6C15DA-6BBB-4F4E-A05D-9E90F0FC37A9}"
EndProject
Global
	GlobalSection(SolutionConfigurationPlatforms) = preSolution
		Debug|x64 = Debug|x64
		Debug|x86 = Debug|x86
		Release|x64 = Release|x64
		Release|x86 = Release|x86
	EndGlobalSection
	GlobalSection(ProjectConfigurationPlatforms) = postSolution
		{EE6C15DA-6BBB-4F4E-A05D-9E90F0FC37A9}.Debug|x64.ActiveCfg = Debug|x64
		{EE6C15DA-6BBB-4F4E-A05D-9E90F0FC37A9}.Debug|x64.Build.0 = Debug|x64
		{EE6C15DA-6BBB-4F4E-A05D-9E90F0FC37A9}.Debug|x86.ActiveCfg = Debug|Win32
		{EE6C15DA-6BBB-4F4E-A05D-9E90F0FC37A9}.Debug|x86.Build.0 = Debug|Win32
		{EE6C15DA-6BBB-4F4E-A05D-9E90F0FC37A9}.Release|x64.ActiveCfg = Release|x64
		{EE6C15DA-6BBB-4F4E-A05D-9E90F0FC37A9}.Release|x64.Build.0 = Release|x64
		{EE6C15DA-6BBB-4F4E-A05D-9E90F0FC37A9}.Release|x86.ActiveCfg = Release|Win32
		{EE6C15DA-6BBB-4F4E-A05D-9E90F0FC37A9}.Release|x86.Build.0 = Release|Win32
	EndGlobalSection
	GlobalSection(SolutionProperties) = preSolution
		HideSolutionNode = FALSE
	EndGlobalSection
	GlobalSection(ExtensibilityGlobals) = postSolution
		SolutionGuid = {8ABDA96A-A683-4DF4-A0E7-26AC8331FB48}
	EndGlobalSection
EndGlobal
