
Microsoft Visual Studio Solution File, Format Version 12.00
# Visual Studio 15
VisualStudioVersion = 15.0.28307.2092
MinimumVisualStudioVersion = 10.0.40219.1
Project("{8BC9CEB8-8B4A-11D0-8D11-00A0C91BC942}") = "p04", "p04\p04.vcxproj", "{DD4165F0-1F03-4E1C-A528-77541F0B67AF}"
EndProject
Global
	GlobalSection(SolutionConfigurationPlatforms) = preSolution
		Debug|x64 = Debug|x64
		Debug|x86 = Debug|x86
		Release|x64 = Release|x64
		Release|x86 = Release|x86
	EndGlobalSection
	GlobalSection(ProjectConfigurationPlatforms) = postSolution
		{DD4165F0-1F03-4E1C-A528-77541F0B67AF}.Debug|x64.ActiveCfg = Debug|x64
		{DD4165F0-1F03-4E1C-A528-77541F0B67AF}.Debug|x64.Build.0 = Debug|x64
		{DD4165F0-1F03-4E1C-A528-77541F0B67AF}.Debug|x86.ActiveCfg = Debug|Win32
		{DD4165F0-1F03-4E1C-A528-77541F0B67AF}.Debug|x86.Build.0 = Debug|Win32
		{DD4165F0-1F03-4E1C-A528-77541F0B67AF}.Release|x64.ActiveCfg = Release|x64
		{DD4165F0-1F03-4E1C-A528-77541F0B67AF}.Release|x64.Build.0 = Release|x64
		{DD4165F0-1F03-4E1C-A528-77541F0B67AF}.Release|x86.ActiveCfg = Release|Win32
		{DD4165F0-1F03-4E1C-A528-77541F0B67AF}.Release|x86.Build.0 = Release|Win32
	EndGlobalSection
	GlobalSection(SolutionProperties) = preSolution
		HideSolutionNode = FALSE
	EndGlobalSection
	GlobalSection(ExtensibilityGlobals) = postSolution
		SolutionGuid = {70474407-798A-40B8-BB8F-6CB3D84E8BAD}
	EndGlobalSection
EndGlobal
